// !$*UTF8*$!
{
	archiveVersion = 1;
	classes = {
	};
	objectVersion = 48;
	objects = {

/* Begin PBXBuildFile section */
		81650DD120249AC00070829A /* ChatViewController.swift in Sources */ = {isa = PBXBuildFile; fileRef = 81650DD020249AC00070829A /* ChatViewController.swift */; };
		8188A7402021DC0B00B292BE /* AppDelegate.swift in Sources */ = {isa = PBXBuildFile; fileRef = 8188A73F2021DC0B00B292BE /* AppDelegate.swift */; };
		8188A7422021DC0B00B292BE /* ViewController.swift in Sources */ = {isa = PBXBuildFile; fileRef = 8188A7412021DC0B00B292BE /* ViewController.swift */; };
		8188A7452021DC0B00B292BE /* Main.storyboard in Resources */ = {isa = PBXBuildFile; fileRef = 8188A7432021DC0B00B292BE /* Main.storyboard */; };
		8188A7472021DC0B00B292BE /* Assets.xcassets in Resources */ = {isa = PBXBuildFile; fileRef = 8188A7462021DC0B00B292BE /* Assets.xcassets */; };
		8188A74A2021DC0B00B292BE /* LaunchScreen.storyboard in Resources */ = {isa = PBXBuildFile; fileRef = 8188A7482021DC0B00B292BE /* LaunchScreen.storyboard */; };
		8188A7522021DDEB00B292BE /* GoogleService-Info.plist in Resources */ = {isa = PBXBuildFile; fileRef = 8188A7512021DDEB00B292BE /* GoogleService-Info.plist */; };
		BB87B97316EE2016F72B98BB /* Pods_TestCocoyapas.framework in Frameworks */ = {isa = PBXBuildFile; fileRef = 9BCF715C3E741E07B8B028D6 /* Pods_TestCocoyapas.framework */; settings = {ATTRIBUTES = (Required, ); }; };
/* End PBXBuildFile section */

/* Begin PBXFileReference section */
		0CA9D37BFB70BED95C13CD16 /* Pods-TestCocoyapas.release.xcconfig */ = {isa = PBXFileReference; includeInIndex = 1; lastKnownFileType = text.xcconfig; name = "Pods-TestCocoyapas.release.xcconfig"; path = "Pods/Target Support Files/Pods-TestCocoyapas/Pods-TestCocoyapas.release.xcconfig"; sourceTree = "<group>"; };
		81650DD020249AC00070829A /* ChatViewController.swift */ = {isa = PBXFileReference; lastKnownFileType = sourcecode.swift; path = ChatViewController.swift; sourceTree = "<group>"; };
		8188A73C2021DC0B00B292BE /* TestCocoyapas.app */ = {isa = PBXFileReference; explicitFileType = wrapper.application; includeInIndex = 0; path = TestCocoyapas.app; sourceTree = BUILT_PRODUCTS_DIR; };
		8188A73F2021DC0B00B292BE /* AppDelegate.swift */ = {isa = PBXFileReference; lastKnownFileType = sourcecode.swift; path = AppDelegate.swift; sourceTree = "<group>"; };
		8188A7412021DC0B00B292BE /* ViewController.swift */ = {isa = PBXFileReference; lastKnownFileType = sourcecode.swift; path = ViewController.swift; sourceTree = "<group>"; };
		8188A7442021DC0B00B292BE /* Base */ = {isa = PBXFileReference; lastKnownFileType = file.storyboard; name = Base; path = Base.lproj/Main.storyboard; sourceTree = "<group>"; };
		8188A7462021DC0B00B292BE /* Assets.xcassets */ = {isa = PBXFileReference; lastKnownFileType = folder.assetcatalog; path = Assets.xcassets; sourceTree = "<group>"; };
		8188A7492021DC0B00B292BE /* Base */ = {isa = PBXFileReference; lastKnownFileType = file.storyboard; name = Base; path = Base.lproj/LaunchScreen.storyboard; sourceTree = "<group>"; };
		8188A74B2021DC0B00B292BE /* Info.plist */ = {isa = PBXFileReference; lastKnownFileType = text.plist.xml; path = Info.plist; sourceTree = "<group>"; };
		8188A7512021DDEB00B292BE /* GoogleService-Info.plist */ = {isa = PBXFileReference; fileEncoding = 4; lastKnownFileType = text.plist.xml; path = "GoogleService-Info.plist"; sourceTree = "<group>"; };
		9BCF715C3E741E07B8B028D6 /* Pods_TestCocoyapas.framework */ = {isa = PBXFileReference; explicitFileType = wrapper.framework; includeInIndex = 0; path = Pods_TestCocoyapas.framework; sourceTree = BUILT_PRODUCTS_DIR; };
		E2DE05AB58D4F146CDB1E4E2 /* Pods-TestCocoyapas.debug.xcconfig */ = {isa = PBXFileReference; includeInIndex = 1; lastKnownFileType = text.xcconfig; name = "Pods-TestCocoyapas.debug.xcconfig"; path = "Pods/Target Support Files/Pods-TestCocoyapas/Pods-TestCocoyapas.debug.xcconfig"; sourceTree = "<group>"; };
/* End PBXFileReference section */

/* Begin PBXFrameworksBuildPhase section */
		8188A7392021DC0B00B292BE /* Frameworks */ = {
			isa = PBXFrameworksBuildPhase;
			buildActionMask = 2147483647;
			files = (
				BB87B97316EE2016F72B98BB /* Pods_TestCocoyapas.framework in Frameworks */,
			);
			runOnlyForDeploymentPostprocessing = 0;
		};
/* End PBXFrameworksBuildPhase section */

/* Begin PBXGroup section */
		0016B8BD1B1D12EAE24716C0 /* Frameworks */ = {
			isa = PBXGroup;
			children = (
				9BCF715C3E741E07B8B028D6 /* Pods_TestCocoyapas.framework */,
			);
			name = Frameworks;
			sourceTree = "<group>";
		};
		7EC8FC2D019900990A445C00 /* Pods */ = {
			isa = PBXGroup;
			children = (
				E2DE05AB58D4F146CDB1E4E2 /* Pods-TestCocoyapas.debug.xcconfig */,
				0CA9D37BFB70BED95C13CD16 /* Pods-TestCocoyapas.release.xcconfig */,
			);
			name = Pods;
			sourceTree = "<group>";
		};
		8188A7332021DC0B00B292BE = {
			isa = PBXGroup;
			children = (
				8188A73E2021DC0B00B292BE /* TestCocoyapas */,
				8188A73D2021DC0B00B292BE /* Products */,
				7EC8FC2D019900990A445C00 /* Pods */,
				0016B8BD1B1D12EAE24716C0 /* Frameworks */,
			);
			sourceTree = "<group>";
		};
		8188A73D2021DC0B00B292BE /* Products */ = {
			isa = PBXGroup;
			children = (
				8188A73C2021DC0B00B292BE /* TestCocoyapas.app */,
			);
			name = Products;
			sourceTree = "<group>";
		};
		8188A73E2021DC0B00B292BE /* TestCocoyapas */ = {
			isa = PBXGroup;
			children = (
				8188A73F2021DC0B00B292BE /* AppDelegate.swift */,
				8188A7412021DC0B00B292BE /* ViewController.swift */,
				8188A7432021DC0B00B292BE /* Main.storyboard */,
				8188A7462021DC0B00B292BE /* Assets.xcassets */,
				8188A7482021DC0B00B292BE /* LaunchScreen.storyboard */,
				8188A74B2021DC0B00B292BE /* Info.plist */,
				8188A7512021DDEB00B292BE /* GoogleService-Info.plist */,
				81650DD020249AC00070829A /* ChatViewController.swift */,
			);
			path = TestCocoyapas;
			sourceTree = "<group>";
		};
/* End PBXGroup section */

/* Begin PBXNativeTarget section */
		8188A73B2021DC0B00B292BE /* TestCocoyapas */ = {
			isa = PBXNativeTarget;
			buildConfigurationList = 8188A74E2021DC0B00B292BE /* Build configuration list for PBXNativeTarget "TestCocoyapas" */;
			buildPhases = (
				9DB1B2748DB5AF8742E3F6CD /* [CP] Check Pods Manifest.lock */,
				8188A7382021DC0B00B292BE /* Sources */,
				8188A7392021DC0B00B292BE /* Frameworks */,
				8188A73A2021DC0B00B292BE /* Resources */,
				32D001170A748F766CC7EB30 /* [CP] Embed Pods Frameworks */,
				482DAFCDBF1CF0D0E60F67B7 /* [CP] Copy Pods Resources */,
			);
			buildRules = (
			);
			dependencies = (
			);
			name = TestCocoyapas;
			productName = TestCocoyapas;
			productReference = 8188A73C2021DC0B00B292BE /* TestCocoyapas.app */;
			productType = "com.apple.product-type.application";
		};
/* End PBXNativeTarget section */

/* Begin PBXProject section */
		8188A7342021DC0B00B292BE /* Project object */ = {
			isa = PBXProject;
			attributes = {
				LastSwiftUpdateCheck = 0920;
				LastUpgradeCheck = 0920;
				ORGANIZATIONNAME = wei;
				TargetAttributes = {
					8188A73B2021DC0B00B292BE = {
						CreatedOnToolsVersion = 9.2;
						ProvisioningStyle = Automatic;
					};
				};
			};
			buildConfigurationList = 8188A7372021DC0B00B292BE /* Build configuration list for PBXProject "TestCocoyapas" */;
			compatibilityVersion = "Xcode 8.0";
			developmentRegion = en;
			hasScannedForEncodings = 0;
			knownRegions = (
				en,
				Base,
			);
			mainGroup = 8188A7332021DC0B00B292BE;
			productRefGroup = 8188A73D2021DC0B00B292BE /* Products */;
			projectDirPath = "";
			projectRoot = "";
			targets = (
				8188A73B2021DC0B00B292BE /* TestCocoyapas */,
			);
		};
/* End PBXProject section */

/* Begin PBXResourcesBuildPhase section */
		8188A73A2021DC0B00B292BE /* Resources */ = {
			isa = PBXResourcesBuildPhase;
			buildActionMask = 2147483647;
			files = (
				8188A74A2021DC0B00B292BE /* LaunchScreen.storyboard in Resources */,
				8188A7522021DDEB00B292BE /* GoogleService-Info.plist in Resources */,
				8188A7472021DC0B00B292BE /* Assets.xcassets in Resources */,
				8188A7452021DC0B00B292BE /* Main.storyboard in Resources */,
			);
			runOnlyForDeploymentPostprocessing = 0;
		};
/* End PBXResourcesBuildPhase section */

/* Begin PBXShellScriptBuildPhase section */
		32D001170A748F766CC7EB30 /* [CP] Embed Pods Frameworks */ = {
			isa = PBXShellScriptBuildPhase;
			buildActionMask = 2147483647;
			files = (
			);
			inputPaths = (
			);
			name = "[CP] Embed Pods Frameworks";
			outputPaths = (
			);
			runOnlyForDeploymentPostprocessing = 0;
			shellPath = /bin/sh;
			shellScript = "\"${SRCROOT}/Pods/Target Support Files/Pods-TestCocoyapas/Pods-TestCocoyapas-frameworks.sh\"\n";
			showEnvVarsInLog = 0;
		};
		482DAFCDBF1CF0D0E60F67B7 /* [CP] Copy Pods Resources */ = {
			isa = PBXShellScriptBuildPhase;
			buildActionMask = 2147483647;
			files = (
			);
			inputPaths = (
			);
			name = "[CP] Copy Pods Resources";
			outputPaths = (
			);
			runOnlyForDeploymentPostprocessing = 0;
			shellPath = /bin/sh;
			shellScript = "\"${SRCROOT}/Pods/Target Support Files/Pods-TestCocoyapas/Pods-TestCocoyapas-resources.sh\"\n";
			showEnvVarsInLog = 0;
		};
		9DB1B2748DB5AF8742E3F6CD /* [CP] Check Pods Manifest.lock */ = {
			isa = PBXShellScriptBuildPhase;
			buildActionMask = 2147483647;
			files = (
			);
			inputPaths = (
			);
			name = "[CP] Check Pods Manifest.lock";
			outputPaths = (
			);
			runOnlyForDeploymentPostprocessing = 0;
			shellPath = /bin/sh;
			shellScript = "diff \"${PODS_PODFILE_DIR_PATH}/Podfile.lock\" \"${PODS_ROOT}/Manifest.lock\" > /dev/null\nif [ $? != 0 ] ; then\n    # print error to STDERR\n    echo \"error: The sandbox is not in sync with the Podfile.lock. Run 'pod install' or update your CocoaPods installation.\" >&2\n    exit 1\nfi\n";
			showEnvVarsInLog = 0;
		};
/* End PBXShellScriptBuildPhase section */

/* Begin PBXSourcesBuildPhase section */
		8188A7382021DC0B00B292BE /* Sources */ = {
			isa = PBXSourcesBuildPhase;
			buildActionMask = 2147483647;
			files = (
				8188A7422021DC0B00B292BE /* ViewController.swift in Sources */,
				8188A7402021DC0B00B292BE /* AppDelegate.swift in Sources */,
				81650DD120249AC00070829A /* ChatViewController.swift in Sources */,
			);
			runOnlyForDeploymentPostprocessing = 0;
		};
/* End PBXSourcesBuildPhase section */

/* Begin PBXVariantGroup section */
		8188A7432021DC0B00B292BE /* Main.storyboard */ = {
			isa = PBXVariantGroup;
			children = (
				8188A7442021DC0B00B292BE /* Base */,
			);
			name = Main.storyboard;
			sourceTree = "<group>";
		};
		8188A7482021DC0B00B292BE /* LaunchScreen.storyboard */ = {
			isa = PBXVariantGroup;
			children = (
				8188A7492021DC0B00B292BE /* Base */,
			);
			name = LaunchScreen.storyboard;
			sourceTree = "<group>";
		};
/* End PBXVariantGroup section */

/* Begin XCBuildConfiguration section */
		8188A74C2021DC0B00B292BE /* Debug */ = {
			isa = XCBuildConfiguration;
			buildSettings = {
				ALWAYS_SEARCH_USER_PATHS = NO;
				CLANG_ANALYZER_NONNULL = YES;
				CLANG_ANALYZER_NUMBER_OBJECT_CONVERSION = YES_AGGRESSIVE;
				CLANG_CXX_LANGUAGE_STANDARD = "gnu++14";
				CLANG_CXX_LIBRARY = "libc++";
				CLANG_ENABLE_MODULES = YES;
				CLANG_ENABLE_OBJC_ARC = YES;
				CLANG_WARN_BLOCK_CAPTURE_AUTORELEASING = YES;
				CLANG_WARN_BOOL_CONVERSION = YES;
				CLANG_WARN_COMMA = YES;
				CLANG_WARN_CONSTANT_CONVERSION = YES;
				CLANG_WARN_DIRECT_OBJC_ISA_USAGE = YES_ERROR;
				CLANG_WARN_DOCUMENTATION_COMMENTS = YES;
				CLANG_WARN_EMPTY_BODY = YES;
				CLANG_WARN_ENUM_CONVERSION = YES;
				CLANG_WARN_INFINITE_RECURSION = YES;
				CLANG_WARN_INT_CONVERSION = YES;
				CLANG_WARN_NON_LITERAL_NULL_CONVERSION = YES;
				CLANG_WARN_OBJC_LITERAL_CONVERSION = YES;
				CLANG_WARN_OBJC_ROOT_CLASS = YES_ERROR;
				CLANG_WARN_RANGE_LOOP_ANALYSIS = YES;
				CLANG_WARN_STRICT_PROTOTYPES = YES;
				CLANG_WARN_SUSPICIOUS_MOVE = YES;
				CLANG_WARN_UNGUARDED_AVAILABILITY = YES_AGGRESSIVE;
				CLANG_WARN_UNREACHABLE_CODE = YES;
				CLANG_WARN__DUPLICATE_METHOD_MATCH = YES;
				CODE_SIGN_IDENTITY = "iPhone Developer";
				COPY_PHASE_STRIP = NO;
				DEBUG_INFORMATION_FORMAT = dwarf;
				ENABLE_STRICT_OBJC_MSGSEND = YES;
				ENABLE_TESTABILITY = YES;
				GCC_C_LANGUAGE_STANDARD = gnu11;
				GCC_DYNAMIC_NO_PIC = NO;
				GCC_NO_COMMON_BLOCKS = YES;
				GCC_OPTIMIZATION_LEVEL = 0;
				GCC_PREPROCESSOR_DEFINITIONS = (
					"DEBUG=1",
					"$(inherited)",
				);
				GCC_WARN_64_TO_32_BIT_CONVERSION = YES;
				GCC_WARN_ABOUT_RETURN_TYPE = YES_ERROR;
				GCC_WARN_UNDECLARED_SELECTOR = YES;
				GCC_WARN_UNINITIALIZED_AUTOS = YES_AGGRESSIVE;
				GCC_WARN_UNUSED_FUNCTION = YES;
				GCC_WARN_UNUSED_VARIABLE = YES;
				IPHONEOS_DEPLOYMENT_TARGET = 11.2;
				MTL_ENABLE_DEBUG_INFO = YES;
				ONLY_ACTIVE_ARCH = YES;
				SDKROOT = iphoneos;
				SWIFT_ACTIVE_COMPILATION_CONDITIONS = DEBUG;
				SWIFT_OPTIMIZATION_LEVEL = "-Onone";
			};
			name = Debug;
		};
		8188A74D2021DC0B00B292BE /* Release */ = {
			isa = XCBuildConfiguration;
			buildSettings = {
				ALWAYS_SEARCH_USER_PATHS = NO;
				CLANG_ANALYZER_NONNULL = YES;
				CLANG_ANALYZER_NUMBER_OBJECT_CONVERSION = YES_AGGRESSIVE;
				CLANG_CXX_LANGUAGE_STANDARD = "gnu++14";
				CLANG_CXX_LIBRARY = "libc++";
				CLANG_ENABLE_MODULES = YES;
				CLANG_ENABLE_OBJC_ARC = YES;
				CLANG_WARN_BLOCK_CAPTURE_AUTORELEASING = YES;
				CLANG_WARN_BOOL_CONVERSION = YES;
				CLANG_WARN_COMMA = YES;
				CLANG_WARN_CONSTANT_CONVERSION = YES;
				CLANG_WARN_DIRECT_OBJC_ISA_USAGE = YES_ERROR;
				CLANG_WARN_DOCUMENTATION_COMMENTS = YES;
				CLANG_WARN_EMPTY_BODY = YES;
				CLANG_WARN_ENUM_CONVERSION = YES;
				CLANG_WARN_INFINITE_RECURSION = YES;
				CLANG_WARN_INT_CONVERSION = YES;
				CLANG_WARN_NON_LITERAL_NULL_CONVERSION = YES;
				CLANG_WARN_OBJC_LITERAL_CONVERSION = YES;
				CLANG_WARN_OBJC_ROOT_CLASS = YES_ERROR;
				CLANG_WARN_RANGE_LOOP_ANALYSIS = YES;
				CLANG_WARN_STRICT_PROTOTYPES = YES;
				CLANG_WARN_SUSPICIOUS_MOVE = YES;
				CLANG_WARN_UNGUARDED_AVAILABILITY = YES_AGGRESSIVE;
				CLANG_WARN_UNREACHABLE_CODE = YES;
				CLANG_WARN__DUPLICATE_METHOD_MATCH = YES;
				CODE_SIGN_IDENTITY = "iPhone Developer";
				COPY_PHASE_STRIP = NO;
				DEBUG_INFORMATION_FORMAT = "dwarf-with-dsym";
				ENABLE_NS_ASSERTIONS = NO;
				ENABLE_STRICT_OBJC_MSGSEND = YES;
				GCC_C_LANGUAGE_STANDARD = gnu11;
				GCC_NO_COMMON_BLOCKS = YES;
				GCC_WARN_64_TO_32_BIT_CONVERSION = YES;
				GCC_WARN_ABOUT_RETURN_TYPE = YES_ERROR;
				GCC_WARN_UNDECLARED_SELECTOR = YES;
				GCC_WARN_UNINITIALIZED_AUTOS = YES_AGGRESSIVE;
				GCC_WARN_UNUSED_FUNCTION = YES;
				GCC_WARN_UNUSED_VARIABLE = YES;
				IPHONEOS_DEPLOYMENT_TARGET = 11.2;
				MTL_ENABLE_DEBUG_INFO = NO;
				SDKROOT = iphoneos;
				SWIFT_OPTIMIZATION_LEVEL = "-Owholemodule";
				VALIDATE_PRODUCT = YES;
			};
			name = Release;
		};
		8188A74F2021DC0B00B292BE /* Debug */ = {
			isa = XCBuildConfiguration;
			baseConfigurationReference = E2DE05AB58D4F146CDB1E4E2 /* Pods-TestCocoyapas.debug.xcconfig */;
			buildSettings = {
				ASSETCATALOG_COMPILER_APPICON_NAME = AppIcon;
				CODE_SIGN_STYLE = Automatic;
				INFOPLIST_FILE = TestCocoyapas/Info.plist;
				LD_RUNPATH_SEARCH_PATHS = "$(inherited) @executable_path/Frameworks";
				PRODUCT_BUNDLE_IDENTIFIER = Test.TestCocoyapas;
				PRODUCT_NAME = "$(TARGET_NAME)";
				SWIFT_VERSION = 4.0;
				TARGETED_DEVICE_FAMILY = "1,2";
			};
			name = Debug;
		};
		8188A7502021DC0B00B292BE /* Release */ = {
			isa = XCBuildConfiguration;
			baseConfigurationReference = 0CA9D37BFB70BED95C13CD16 /* Pods-TestCocoyapas.release.xcconfig */;
			buildSettings = {
				ASSETCATALOG_COMPILER_APPICON_NAME = AppIcon;
				CODE_SIGN_STYLE = Automatic;
				INFOPLIST_FILE = TestCocoyapas/Info.plist;
				LD_RUNPATH_SEARCH_PATHS = "$(inherited) @executable_path/Frameworks";
				PRODUCT_BUNDLE_IDENTIFIER = Test.TestCocoyapas;
				PRODUCT_NAME = "$(TARGET_NAME)";
				SWIFT_VERSION = 4.0;
				TARGETED_DEVICE_FAMILY = "1,2";
			};
			name = Release;
		};
/* End XCBuildConfiguration section */

/* Begin XCConfigurationList section */
		8188A7372021DC0B00B292BE /* Build configuration list for PBXProject "TestCocoyapas" */ = {
			isa = XCConfigurationList;
			buildConfigurations = (
				8188A74C2021DC0B00B292BE /* Debug */,
				8188A74D2021DC0B00B292BE /* Release */,
			);
			defaultConfigurationIsVisible = 0;
			defaultConfigurationName = Release;
		};
		8188A74E2021DC0B00B292BE /* Build configuration list for PBXNativeTarget "TestCocoyapas" */ = {
			isa = XCConfigurationList;
			buildConfigurations = (
				8188A74F2021DC0B00B292BE /* Debug */,
				8188A7502021DC0B00B292BE /* Release */,
			);
			defaultConfigurationIsVisible = 0;
			defaultConfigurationName = Release;
		};
/* End XCConfigurationList section */
	};
	rootObject = 8188A7342021DC0B00B292BE /* Project object */;
}
